
Microsoft Visual Studio Solution File, Format Version 12.00
# Visual Studio Version 16
VisualStudioVersion = 16.0.28803.202
MinimumVisualStudioVersion = 10.0.40219.1
Project("{FAE04EC0-301F-11D3-BF4B-00C04F79EFBC}") = "DesignPatterns", "DesignPatterns\DesignPatterns.csproj", "{6DF238BD-0A5F-40E3-B73D-1DB0D0B4EBB9}"
EndProject
Project("{FAE04EC0-301F-11D3-BF4B-00C04F79EFBC}") = "Singleton1", "Singleton1\Singleton1.csproj", "{FF1604A4-C466-4CA8-8570-2DB202BC6A64}"
EndProject
Project("{FAE04EC0-301F-11D3-BF4B-00C04F79EFBC}") = "ProxyPattern", "ProxyPattern\ProxyPattern.csproj", "{435E0DF8-61CF-4B1C-B052-9C57E3E0AEBF}"
EndProject
Project("{FAE04EC0-301F-11D3-BF4B-00C04F79EFBC}") = "ProxyPattern1", "ProxyPattern1\ProxyPattern1.csproj", "{79564364-9212-487E-A548-E177B050059F}"
EndProject
Project("{FAE04EC0-301F-11D3-BF4B-00C04F79EFBC}") = "DecoratorPattern", "DecoratorPattern\DecoratorPattern.csproj", "{3F5D6B36-B41D-4FC7-9B9A-F49D737FF5E8}"
EndProject
Project("{FAE04EC0-301F-11D3-BF4B-00C04F79EFBC}") = "DecoratorPattern2", "DecoratorPattern2\DecoratorPattern2.csproj", "{70F1F4CE-0CDE-4CC4-808C-A3A603B0AE52}"
EndProject
Project("{FAE04EC0-301F-11D3-BF4B-00C04F79EFBC}") = "FactoryDesignPattern", "FactoryDesignPattern\FactoryDesignPattern.csproj", "{EA4C0F7E-D934-4F4A-AE31-6BF299C1CD25}"
EndProject
Project("{FAE04EC0-301F-11D3-BF4B-00C04F79EFBC}") = "FactoryDesignPattern1", "FactoryDesignPattern1\FactoryDesignPattern1.csproj", "{8E0839C5-925E-49ED-8F7D-FB2689DA2B58}"
EndProject
Project("{FAE04EC0-301F-11D3-BF4B-00C04F79EFBC}") = "ObserverDesignPattern", "ObserverDesignPattern\ObserverDesignPattern.csproj", "{C8527976-8A7C-43A7-BBE9-B0A793A9E37B}"
EndProject
Global
	GlobalSection(SolutionConfigurationPlatforms) = preSolution
		Debug|Any CPU = Debug|Any CPU
		Release|Any CPU = Release|Any CPU
	EndGlobalSection
	GlobalSection(ProjectConfigurationPlatforms) = postSolution
		{6DF238BD-0A5F-40E3-B73D-1DB0D0B4EBB9}.Debug|Any CPU.ActiveCfg = Debug|Any CPU
		{6DF238BD-0A5F-40E3-B73D-1DB0D0B4EBB9}.Debug|Any CPU.Build.0 = Debug|Any CPU
		{6DF238BD-0A5F-40E3-B73D-1DB0D0B4EBB9}.Release|Any CPU.ActiveCfg = Release|Any CPU
		{6DF238BD-0A5F-40E3-B73D-1DB0D0B4EBB9}.Release|Any CPU.Build.0 = Release|Any CPU
		{FF1604A4-C466-4CA8-8570-2DB202BC6A64}.Debug|Any CPU.ActiveCfg = Debug|Any CPU
		{FF1604A4-C466-4CA8-8570-2DB202BC6A64}.Debug|Any CPU.Build.0 = Debug|Any CPU
		{FF1604A4-C466-4CA8-8570-2DB202BC6A64}.Release|Any CPU.ActiveCfg = Release|Any CPU
		{FF1604A4-C466-4CA8-8570-2DB202BC6A64}.Release|Any CPU.Build.0 = Release|Any CPU
		{435E0DF8-61CF-4B1C-B052-9C57E3E0AEBF}.Debug|Any CPU.ActiveCfg = Debug|Any CPU
		{435E0DF8-61CF-4B1C-B052-9C57E3E0AEBF}.Debug|Any CPU.Build.0 = Debug|Any CPU
		{435E0DF8-61CF-4B1C-B052-9C57E3E0AEBF}.Release|Any CPU.ActiveCfg = Release|Any CPU
		{435E0DF8-61CF-4B1C-B052-9C57E3E0AEBF}.Release|Any CPU.Build.0 = Release|Any CPU
		{79564364-9212-487E-A548-E177B050059F}.Debug|Any CPU.ActiveCfg = Debug|Any CPU
		{79564364-9212-487E-A548-E177B050059F}.Debug|Any CPU.Build.0 = Debug|Any CPU
		{79564364-9212-487E-A548-E177B050059F}.Release|Any CPU.ActiveCfg = Release|Any CPU
		{79564364-9212-487E-A548-E177B050059F}.Release|Any CPU.Build.0 = Release|Any CPU
		{3F5D6B36-B41D-4FC7-9B9A-F49D737FF5E8}.Debug|Any CPU.ActiveCfg = Debug|Any CPU
		{3F5D6B36-B41D-4FC7-9B9A-F49D737FF5E8}.Debug|Any CPU.Build.0 = Debug|Any CPU
		{3F5D6B36-B41D-4FC7-9B9A-F49D737FF5E8}.Release|Any CPU.ActiveCfg = Release|Any CPU
		{3F5D6B36-B41D-4FC7-9B9A-F49D737FF5E8}.Release|Any CPU.Build.0 = Release|Any CPU
		{70F1F4CE-0CDE-4CC4-808C-A3A603B0AE52}.Debug|Any CPU.ActiveCfg = Debug|Any CPU
		{70F1F4CE-0CDE-4CC4-808C-A3A603B0AE52}.Debug|Any CPU.Build.0 = Debug|Any CPU
		{70F1F4CE-0CDE-4CC4-808C-A3A603B0AE52}.Release|Any CPU.ActiveCfg = Release|Any CPU
		{70F1F4CE-0CDE-4CC4-808C-A3A603B0AE52}.Release|Any CPU.Build.0 = Release|Any CPU
		{EA4C0F7E-D934-4F4A-AE31-6BF299C1CD25}.Debug|Any CPU.ActiveCfg = Debug|Any CPU
		{EA4C0F7E-D934-4F4A-AE31-6BF299C1CD25}.Debug|Any CPU.Build.0 = Debug|Any CPU
		{EA4C0F7E-D934-4F4A-AE31-6BF299C1CD25}.Release|Any CPU.ActiveCfg = Release|Any CPU
		{EA4C0F7E-D934-4F4A-AE31-6BF299C1CD25}.Release|Any CPU.Build.0 = Release|Any CPU
		{8E0839C5-925E-49ED-8F7D-FB2689DA2B58}.Debug|Any CPU.ActiveCfg = Debug|Any CPU
		{8E0839C5-925E-49ED-8F7D-FB2689DA2B58}.Debug|Any CPU.Build.0 = Debug|Any CPU
		{8E0839C5-925E-49ED-8F7D-FB2689DA2B58}.Release|Any CPU.ActiveCfg = Release|Any CPU
		{8E0839C5-925E-49ED-8F7D-FB2689DA2B58}.Release|Any CPU.Build.0 = Release|Any CPU
		{C8527976-8A7C-43A7-BBE9-B0A793A9E37B}.Debug|Any CPU.ActiveCfg = Debug|Any CPU
		{C8527976-8A7C-43A7-BBE9-B0A793A9E37B}.Debug|Any CPU.Build.0 = Debug|Any CPU
		{C8527976-8A7C-43A7-BBE9-B0A793A9E37B}.Release|Any CPU.ActiveCfg = Release|Any CPU
		{C8527976-8A7C-43A7-BBE9-B0A793A9E37B}.Release|Any CPU.Build.0 = Release|Any CPU
	EndGlobalSection
	GlobalSection(SolutionProperties) = preSolution
		HideSolutionNode = FALSE
	EndGlobalSection
	GlobalSection(ExtensibilityGlobals) = postSolution
		SolutionGuid = {F32D2E26-E602-4960-B724-1B5AE03BA20E}
	EndGlobalSection
EndGlobal
