
Microsoft Visual Studio Solution File, Format Version 12.00
# Visual Studio Version 16
VisualStudioVersion = 16.0.28803.202
MinimumVisualStudioVersion = 10.0.40219.1
Project("{FAE04EC0-301F-11D3-BF4B-00C04F79EFBC}") = "DesignPatterns", "DesignPatterns\DesignPatterns.csproj", "{6DF238BD-0A5F-40E3-B73D-1DB0D0B4EBB9}"
EndProject
Project("{FAE04EC0-301F-11D3-BF4B-00C04F79EFBC}") = "Singleton1", "Singleton1\Singleton1.csproj", "{FF1604A4-C466-4CA8-8570-2DB202BC6A64}"
EndProject
Project("{FAE04EC0-301F-11D3-BF4B-00C04F79EFBC}") = "ProxyPattern", "ProxyPattern\ProxyPattern.csproj", "{435E0DF8-61CF-4B1C-B052-9C57E3E0AEBF}"
EndProject
Project("{FAE04EC0-301F-11D3-BF4B-00C04F79EFBC}") = "ProxyPattern1", "ProxyPattern1\ProxyPattern1.csproj", "{79564364-9212-487E-A548-E177B050059F}"
EndProject
Project("{FAE04EC0-301F-11D3-BF4B-00C04F79EFBC}") = "DecoratorPattern", "DecoratorPattern\DecoratorPattern.csproj", "{3F5D6B36-B41D-4FC7-9B9A-F49D737FF5E8}"
EndProject
Global
	GlobalSection(SolutionConfigurationPlatforms) = preSolution
		Debug|Any CPU = Debug|Any CPU
		Release|Any CPU = Release|Any CPU
	EndGlobalSection
	GlobalSection(ProjectConfigurationPlatforms) = postSolution
		{6DF238BD-0A5F-40E3-B73D-1DB0D0B4EBB9}.Debug|Any CPU.ActiveCfg = Debug|Any CPU
		{6DF238BD-0A5F-40E3-B73D-1DB0D0B4EBB9}.Debug|Any CPU.Build.0 = Debug|Any CPU
		{6DF238BD-0A5F-40E3-B73D-1DB0D0B4EBB9}.Release|Any CPU.ActiveCfg = Release|Any CPU
		{6DF238BD-0A5F-40E3-B73D-1DB0D0B4EBB9}.Release|Any CPU.Build.0 = Release|Any CPU
		{FF1604A4-C466-4CA8-8570-2DB202BC6A64}.Debug|Any CPU.ActiveCfg = Debug|Any CPU
		{FF1604A4-C466-4CA8-8570-2DB202BC6A64}.Debug|Any CPU.Build.0 = Debug|Any CPU
		{FF1604A4-C466-4CA8-8570-2DB202BC6A64}.Release|Any CPU.ActiveCfg = Release|Any CPU
		{FF1604A4-C466-4CA8-8570-2DB202BC6A64}.Release|Any CPU.Build.0 = Release|Any CPU
		{435E0DF8-61CF-4B1C-B052-9C57E3E0AEBF}.Debug|Any CPU.ActiveCfg = Debug|Any CPU
		{435E0DF8-61CF-4B1C-B052-9C57E3E0AEBF}.Debug|Any CPU.Build.0 = Debug|Any CPU
		{435E0DF8-61CF-4B1C-B052-9C57E3E0AEBF}.Release|Any CPU.ActiveCfg = Release|Any CPU
		{435E0DF8-61CF-4B1C-B052-9C57E3E0AEBF}.Release|Any CPU.Build.0 = Release|Any CPU
		{79564364-9212-487E-A548-E177B050059F}.Debug|Any CPU.ActiveCfg = Debug|Any CPU
		{79564364-9212-487E-A548-E177B050059F}.Debug|Any CPU.Build.0 = Debug|Any CPU
		{79564364-9212-487E-A548-E177B050059F}.Release|Any CPU.ActiveCfg = Release|Any CPU
		{79564364-9212-487E-A548-E177B050059F}.Release|Any CPU.Build.0 = Release|Any CPU
		{3F5D6B36-B41D-4FC7-9B9A-F49D737FF5E8}.Debug|Any CPU.ActiveCfg = Debug|Any CPU
		{3F5D6B36-B41D-4FC7-9B9A-F49D737FF5E8}.Debug|Any CPU.Build.0 = Debug|Any CPU
		{3F5D6B36-B41D-4FC7-9B9A-F49D737FF5E8}.Release|Any CPU.ActiveCfg = Release|Any CPU
		{3F5D6B36-B41D-4FC7-9B9A-F49D737FF5E8}.Release|Any CPU.Build.0 = Release|Any CPU
	EndGlobalSection
	GlobalSection(SolutionProperties) = preSolution
		HideSolutionNode = FALSE
	EndGlobalSection
	GlobalSection(ExtensibilityGlobals) = postSolution
		SolutionGuid = {F32D2E26-E602-4960-B724-1B5AE03BA20E}
	EndGlobalSection
EndGlobal
